// !$*UTF8*$!
{
	archiveVersion = 1;
	classes = {
	};
	objectVersion = 46;
	objects = {

/* Begin PBXFileReference section */
		5E023DD0173983990072E300 /* p20Embedded.c */ = {isa = PBXFileReference; lastKnownFileType = sourcecode.c.c; path = p20Embedded.c; sourceTree = "<group>"; };
/* End PBXFileReference section */

/* Begin PBXGroup section */
		5E023DC9173983680072E300 = {
			isa = PBXGroup;
			children = (
				5E023DD0173983990072E300 /* p20Embedded.c */,
			);
			sourceTree = "<group>";
		};
/* End PBXGroup section */

/* Begin PBXProject section */
		5E023DCA173983680072E300 /* Project object */ = {
			isa = PBXProject;
			attributes = {
				LastUpgradeCheck = 0460;
			};
			buildConfigurationList = 5E023DCD173983680072E300 /* Build configuration list for PBXProject "P20 project" */;
			compatibilityVersion = "Xcode 3.2";
			developmentRegion = English;
			hasScannedForEncodings = 0;
			knownRegions = (
				en,
			);
			mainGroup = 5E023DC9173983680072E300;
			projectDirPath = "";
			projectRoot = "";
			targets = (
			);
		};
/* End PBXProject section */

/* Begin XCBuildConfiguration section */
		5E023DCE173983690072E300 /* Debug */ = {
			isa = XCBuildConfiguration;
			buildSettings = {
			};
			name = Debug;
		};
		5E023DCF173983690072E300 /* Release */ = {
			isa = XCBuildConfiguration;
			buildSettings = {
			};
			name = Release;
		};
/* End XCBuildConfiguration section */

/* Begin XCConfigurationList section */
		5E023DCD173983680072E300 /* Build configuration list for PBXProject "P20 project" */ = {
			isa = XCConfigurationList;
			buildConfigurations = (
				5E023DCE173983690072E300 /* Debug */,
				5E023DCF173983690072E300 /* Release */,
			);
			defaultConfigurationIsVisible = 0;
			defaultConfigurationName = Release;
		};
/* End XCConfigurationList section */
	};
	rootObject = 5E023DCA173983680072E300 /* Project object */;
}
